// !$*UTF8*$!
{
	archiveVersion = 1;
	classes = {
	};
	objectVersion = 46;
	objects = {

/* Begin PBXBuildFile section */
		AC3C42B918F29AA500573604 /* CJMainViewController.m in Sources */ = {isa = PBXBuildFile; fileRef = AC3C42B818F29AA500573604 /* CJMainViewController.m */; };
		F1381A6F18F2977300D8D4D4 /* Foundation.framework in Frameworks */ = {isa = PBXBuildFile; fileRef = F1381A6E18F2977300D8D4D4 /* Foundation.framework */; };
		F1381A7118F2977300D8D4D4 /* CoreGraphics.framework in Frameworks */ = {isa = PBXBuildFile; fileRef = F1381A7018F2977300D8D4D4 /* CoreGraphics.framework */; };
		F1381A7318F2977300D8D4D4 /* UIKit.framework in Frameworks */ = {isa = PBXBuildFile; fileRef = F1381A7218F2977300D8D4D4 /* UIKit.framework */; };
		F1381A7918F2977300D8D4D4 /* InfoPlist.strings in Resources */ = {isa = PBXBuildFile; fileRef = F1381A7718F2977300D8D4D4 /* InfoPlist.strings */; };
		F1381A7B18F2977300D8D4D4 /* main.m in Sources */ = {isa = PBXBuildFile; fileRef = F1381A7A18F2977300D8D4D4 /* main.m */; };
		F1381A7F18F2977300D8D4D4 /* CJAppDelegate.m in Sources */ = {isa = PBXBuildFile; fileRef = F1381A7E18F2977300D8D4D4 /* CJAppDelegate.m */; };
		F1381A8118F2977300D8D4D4 /* Images.xcassets in Resources */ = {isa = PBXBuildFile; fileRef = F1381A8018F2977300D8D4D4 /* Images.xcassets */; };
		F1381A8818F2977300D8D4D4 /* XCTest.framework in Frameworks */ = {isa = PBXBuildFile; fileRef = F1381A8718F2977300D8D4D4 /* XCTest.framework */; };
		F1381A8918F2977300D8D4D4 /* Foundation.framework in Frameworks */ = {isa = PBXBuildFile; fileRef = F1381A6E18F2977300D8D4D4 /* Foundation.framework */; };
		F1381A8A18F2977300D8D4D4 /* UIKit.framework in Frameworks */ = {isa = PBXBuildFile; fileRef = F1381A7218F2977300D8D4D4 /* UIKit.framework */; };
		F1381A9218F2977300D8D4D4 /* InfoPlist.strings in Resources */ = {isa = PBXBuildFile; fileRef = F1381A9018F2977300D8D4D4 /* InfoPlist.strings */; };
		F1381A9418F2977300D8D4D4 /* collageJamTests.m in Sources */ = {isa = PBXBuildFile; fileRef = F1381A9318F2977300D8D4D4 /* collageJamTests.m */; };
		F14713E418F4E48A00064956 /* helloLeonard.png in Resources */ = {isa = PBXBuildFile; fileRef = F14713E318F4E48A00064956 /* helloLeonard.png */; };
		F14713FF18F4E7F800064956 /* QBAssetsCollectionCheckmarkView.m in Sources */ = {isa = PBXBuildFile; fileRef = F14713EA18F4E7F800064956 /* QBAssetsCollectionCheckmarkView.m */; };
		F147140018F4E7F800064956 /* QBAssetsCollectionFooterView.m in Sources */ = {isa = PBXBuildFile; fileRef = F14713EC18F4E7F800064956 /* QBAssetsCollectionFooterView.m */; };
		F147140118F4E7F800064956 /* QBAssetsCollectionOverlayView.m in Sources */ = {isa = PBXBuildFile; fileRef = F14713EE18F4E7F800064956 /* QBAssetsCollectionOverlayView.m */; };
		F147140218F4E7F800064956 /* QBAssetsCollectionViewCell.m in Sources */ = {isa = PBXBuildFile; fileRef = F14713F018F4E7F800064956 /* QBAssetsCollectionViewCell.m */; };
		F147140318F4E7F800064956 /* QBAssetsCollectionViewController.m in Sources */ = {isa = PBXBuildFile; fileRef = F14713F218F4E7F800064956 /* QBAssetsCollectionViewController.m */; };
		F147140418F4E7F800064956 /* QBAssetsCollectionViewLayout.m in Sources */ = {isa = PBXBuildFile; fileRef = F14713F418F4E7F800064956 /* QBAssetsCollectionViewLayout.m */; };
		F147140518F4E7F800064956 /* QBImagePickerController.m in Sources */ = {isa = PBXBuildFile; fileRef = F14713F618F4E7F800064956 /* QBImagePickerController.m */; };
		F147140618F4E7F800064956 /* QBImagePickerGroupCell.m in Sources */ = {isa = PBXBuildFile; fileRef = F14713F818F4E7F800064956 /* QBImagePickerGroupCell.m */; };
		F147140718F4E7F800064956 /* QBImagePickerThumbnailView.m in Sources */ = {isa = PBXBuildFile; fileRef = F14713FA18F4E7F800064956 /* QBImagePickerThumbnailView.m */; };
		F147140818F4E7F800064956 /* QBImagePickerController.strings in Resources */ = {isa = PBXBuildFile; fileRef = F14713FC18F4E7F800064956 /* QBImagePickerController.strings */; };
		F147141118F4F60C00064956 /* CJManagingPhotoViewController.m in Sources */ = {isa = PBXBuildFile; fileRef = F147141018F4F60C00064956 /* CJManagingPhotoViewController.m */; };
		F147141518F4F6AF00064956 /* LSConstantVariable.m in Sources */ = {isa = PBXBuildFile; fileRef = F147141418F4F6AF00064956 /* LSConstantVariable.m */; };
		F147141918F52DA100064956 /* CJUserDataModel.m in Sources */ = {isa = PBXBuildFile; fileRef = F147141818F52DA100064956 /* CJUserDataModel.m */; };
		F147141C18F52E0100064956 /* CJImageDataModel.m in Sources */ = {isa = PBXBuildFile; fileRef = F147141B18F52E0100064956 /* CJImageDataModel.m */; };
		F1B8CD8F1904C7A500802B45 /* LXReorderableCollectionViewFlowLayout.m in Sources */ = {isa = PBXBuildFile; fileRef = F1B8CD8E1904C7A500802B45 /* LXReorderableCollectionViewFlowLayout.m */; };
		F1B8CD911904CD0D00802B45 /* blackDeleteButton.png in Resources */ = {isa = PBXBuildFile; fileRef = F1B8CD901904CD0D00802B45 /* blackDeleteButton.png */; };
		F1FEE10918FBA73500A93F38 /* CJPhotoViewCell.m in Sources */ = {isa = PBXBuildFile; fileRef = F1FEE10818FBA73500A93F38 /* CJPhotoViewCell.m */; };
/* End PBXBuildFile section */

/* Begin PBXContainerItemProxy section */
		F1381A8B18F2977300D8D4D4 /* PBXContainerItemProxy */ = {
			isa = PBXContainerItemProxy;
			containerPortal = F1381A6318F2977300D8D4D4 /* Project object */;
			proxyType = 1;
			remoteGlobalIDString = F1381A6A18F2977300D8D4D4;
			remoteInfo = collageJam;
		};
/* End PBXContainerItemProxy section */

/* Begin PBXFileReference section */
		AC3C42B718F29AA500573604 /* CJMainViewController.h */ = {isa = PBXFileReference; fileEncoding = 4; lastKnownFileType = sourcecode.c.h; path = CJMainViewController.h; sourceTree = "<group>"; };
		AC3C42B818F29AA500573604 /* CJMainViewController.m */ = {isa = PBXFileReference; fileEncoding = 4; lastKnownFileType = sourcecode.c.objc; path = CJMainViewController.m; sourceTree = "<group>"; };
		F1381A6B18F2977300D8D4D4 /* collageJam.app */ = {isa = PBXFileReference; explicitFileType = wrapper.application; includeInIndex = 0; path = collageJam.app; sourceTree = BUILT_PRODUCTS_DIR; };
		F1381A6E18F2977300D8D4D4 /* Foundation.framework */ = {isa = PBXFileReference; lastKnownFileType = wrapper.framework; name = Foundation.framework; path = System/Library/Frameworks/Foundation.framework; sourceTree = SDKROOT; };
		F1381A7018F2977300D8D4D4 /* CoreGraphics.framework */ = {isa = PBXFileReference; lastKnownFileType = wrapper.framework; name = CoreGraphics.framework; path = System/Library/Frameworks/CoreGraphics.framework; sourceTree = SDKROOT; };
		F1381A7218F2977300D8D4D4 /* UIKit.framework */ = {isa = PBXFileReference; lastKnownFileType = wrapper.framework; name = UIKit.framework; path = System/Library/Frameworks/UIKit.framework; sourceTree = SDKROOT; };
		F1381A7618F2977300D8D4D4 /* collageJam-Info.plist */ = {isa = PBXFileReference; lastKnownFileType = text.plist.xml; path = "collageJam-Info.plist"; sourceTree = "<group>"; };
		F1381A7818F2977300D8D4D4 /* en */ = {isa = PBXFileReference; lastKnownFileType = text.plist.strings; name = en; path = en.lproj/InfoPlist.strings; sourceTree = "<group>"; };
		F1381A7A18F2977300D8D4D4 /* main.m */ = {isa = PBXFileReference; lastKnownFileType = sourcecode.c.objc; path = main.m; sourceTree = "<group>"; };
		F1381A7C18F2977300D8D4D4 /* collageJam-Prefix.pch */ = {isa = PBXFileReference; lastKnownFileType = sourcecode.c.h; path = "collageJam-Prefix.pch"; sourceTree = "<group>"; };
		F1381A7D18F2977300D8D4D4 /* CJAppDelegate.h */ = {isa = PBXFileReference; lastKnownFileType = sourcecode.c.h; path = CJAppDelegate.h; sourceTree = "<group>"; };
		F1381A7E18F2977300D8D4D4 /* CJAppDelegate.m */ = {isa = PBXFileReference; lastKnownFileType = sourcecode.c.objc; path = CJAppDelegate.m; sourceTree = "<group>"; };
		F1381A8018F2977300D8D4D4 /* Images.xcassets */ = {isa = PBXFileReference; lastKnownFileType = folder.assetcatalog; path = Images.xcassets; sourceTree = "<group>"; };
		F1381A8618F2977300D8D4D4 /* collageJamTests.xctest */ = {isa = PBXFileReference; explicitFileType = wrapper.cfbundle; includeInIndex = 0; path = collageJamTests.xctest; sourceTree = BUILT_PRODUCTS_DIR; };
		F1381A8718F2977300D8D4D4 /* XCTest.framework */ = {isa = PBXFileReference; lastKnownFileType = wrapper.framework; name = XCTest.framework; path = Library/Frameworks/XCTest.framework; sourceTree = DEVELOPER_DIR; };
		F1381A8F18F2977300D8D4D4 /* collageJamTests-Info.plist */ = {isa = PBXFileReference; lastKnownFileType = text.plist.xml; path = "collageJamTests-Info.plist"; sourceTree = "<group>"; };
		F1381A9118F2977300D8D4D4 /* en */ = {isa = PBXFileReference; lastKnownFileType = text.plist.strings; name = en; path = en.lproj/InfoPlist.strings; sourceTree = "<group>"; };
		F1381A9318F2977300D8D4D4 /* collageJamTests.m */ = {isa = PBXFileReference; lastKnownFileType = sourcecode.c.objc; path = collageJamTests.m; sourceTree = "<group>"; };
		F14713E318F4E48A00064956 /* helloLeonard.png */ = {isa = PBXFileReference; lastKnownFileType = image.png; path = helloLeonard.png; sourceTree = "<group>"; };
		F14713E918F4E7F800064956 /* QBAssetsCollectionCheckmarkView.h */ = {isa = PBXFileReference; fileEncoding = 4; lastKnownFileType = sourcecode.c.h; path = QBAssetsCollectionCheckmarkView.h; sourceTree = "<group>"; };
		F14713EA18F4E7F800064956 /* QBAssetsCollectionCheckmarkView.m */ = {isa = PBXFileReference; fileEncoding = 4; lastKnownFileType = sourcecode.c.objc; path = QBAssetsCollectionCheckmarkView.m; sourceTree = "<group>"; };
		F14713EB18F4E7F800064956 /* QBAssetsCollectionFooterView.h */ = {isa = PBXFileReference; fileEncoding = 4; lastKnownFileType = sourcecode.c.h; path = QBAssetsCollectionFooterView.h; sourceTree = "<group>"; };
		F14713EC18F4E7F800064956 /* QBAssetsCollectionFooterView.m */ = {isa = PBXFileReference; fileEncoding = 4; lastKnownFileType = sourcecode.c.objc; path = QBAssetsCollectionFooterView.m; sourceTree = "<group>"; };
		F14713ED18F4E7F800064956 /* QBAssetsCollectionOverlayView.h */ = {isa = PBXFileReference; fileEncoding = 4; lastKnownFileType = sourcecode.c.h; path = QBAssetsCollectionOverlayView.h; sourceTree = "<group>"; };
		F14713EE18F4E7F800064956 /* QBAssetsCollectionOverlayView.m */ = {isa = PBXFileReference; fileEncoding = 4; lastKnownFileType = sourcecode.c.objc; path = QBAssetsCollectionOverlayView.m; sourceTree = "<group>"; };
		F14713EF18F4E7F800064956 /* QBAssetsCollectionViewCell.h */ = {isa = PBXFileReference; fileEncoding = 4; lastKnownFileType = sourcecode.c.h; path = QBAssetsCollectionViewCell.h; sourceTree = "<group>"; };
		F14713F018F4E7F800064956 /* QBAssetsCollectionViewCell.m */ = {isa = PBXFileReference; fileEncoding = 4; lastKnownFileType = sourcecode.c.objc; path = QBAssetsCollectionViewCell.m; sourceTree = "<group>"; };
		F14713F118F4E7F800064956 /* QBAssetsCollectionViewController.h */ = {isa = PBXFileReference; fileEncoding = 4; lastKnownFileType = sourcecode.c.h; path = QBAssetsCollectionViewController.h; sourceTree = "<group>"; };
		F14713F218F4E7F800064956 /* QBAssetsCollectionViewController.m */ = {isa = PBXFileReference; fileEncoding = 4; lastKnownFileType = sourcecode.c.objc; path = QBAssetsCollectionViewController.m; sourceTree = "<group>"; };
		F14713F318F4E7F800064956 /* QBAssetsCollectionViewLayout.h */ = {isa = PBXFileReference; fileEncoding = 4; lastKnownFileType = sourcecode.c.h; path = QBAssetsCollectionViewLayout.h; sourceTree = "<group>"; };
		F14713F418F4E7F800064956 /* QBAssetsCollectionViewLayout.m */ = {isa = PBXFileReference; fileEncoding = 4; lastKnownFileType = sourcecode.c.objc; path = QBAssetsCollectionViewLayout.m; sourceTree = "<group>"; };
		F14713F518F4E7F800064956 /* QBImagePickerController.h */ = {isa = PBXFileReference; fileEncoding = 4; lastKnownFileType = sourcecode.c.h; path = QBImagePickerController.h; sourceTree = "<group>"; };
		F14713F618F4E7F800064956 /* QBImagePickerController.m */ = {isa = PBXFileReference; fileEncoding = 4; lastKnownFileType = sourcecode.c.objc; path = QBImagePickerController.m; sourceTree = "<group>"; };
		F14713F718F4E7F800064956 /* QBImagePickerGroupCell.h */ = {isa = PBXFileReference; fileEncoding = 4; lastKnownFileType = sourcecode.c.h; path = QBImagePickerGroupCell.h; sourceTree = "<group>"; };
		F14713F818F4E7F800064956 /* QBImagePickerGroupCell.m */ = {isa = PBXFileReference; fileEncoding = 4; lastKnownFileType = sourcecode.c.objc; path = QBImagePickerGroupCell.m; sourceTree = "<group>"; };
		F14713F918F4E7F800064956 /* QBImagePickerThumbnailView.h */ = {isa = PBXFileReference; fileEncoding = 4; lastKnownFileType = sourcecode.c.h; path = QBImagePickerThumbnailView.h; sourceTree = "<group>"; };
		F14713FA18F4E7F800064956 /* QBImagePickerThumbnailView.m */ = {isa = PBXFileReference; fileEncoding = 4; lastKnownFileType = sourcecode.c.objc; path = QBImagePickerThumbnailView.m; sourceTree = "<group>"; };
		F14713FD18F4E7F800064956 /* en */ = {isa = PBXFileReference; lastKnownFileType = text.plist.strings; name = en; path = en.lproj/QBImagePickerController.strings; sourceTree = "<group>"; };
		F14713FE18F4E7F800064956 /* ja */ = {isa = PBXFileReference; lastKnownFileType = text.plist.strings; name = ja; path = ja.lproj/QBImagePickerController.strings; sourceTree = "<group>"; };
		F147140F18F4F60C00064956 /* CJManagingPhotoViewController.h */ = {isa = PBXFileReference; fileEncoding = 4; lastKnownFileType = sourcecode.c.h; path = CJManagingPhotoViewController.h; sourceTree = "<group>"; };
		F147141018F4F60C00064956 /* CJManagingPhotoViewController.m */ = {isa = PBXFileReference; fileEncoding = 4; lastKnownFileType = sourcecode.c.objc; path = CJManagingPhotoViewController.m; sourceTree = "<group>"; };
		F147141318F4F6AF00064956 /* LSConstantVariable.h */ = {isa = PBXFileReference; fileEncoding = 4; lastKnownFileType = sourcecode.c.h; path = LSConstantVariable.h; sourceTree = "<group>"; };
		F147141418F4F6AF00064956 /* LSConstantVariable.m */ = {isa = PBXFileReference; fileEncoding = 4; lastKnownFileType = sourcecode.c.objc; path = LSConstantVariable.m; sourceTree = "<group>"; };
		F147141718F52DA100064956 /* CJUserDataModel.h */ = {isa = PBXFileReference; fileEncoding = 4; lastKnownFileType = sourcecode.c.h; path = CJUserDataModel.h; sourceTree = "<group>"; };
		F147141818F52DA100064956 /* CJUserDataModel.m */ = {isa = PBXFileReference; fileEncoding = 4; lastKnownFileType = sourcecode.c.objc; path = CJUserDataModel.m; sourceTree = "<group>"; };
		F147141A18F52E0100064956 /* CJImageDataModel.h */ = {isa = PBXFileReference; fileEncoding = 4; lastKnownFileType = sourcecode.c.h; path = CJImageDataModel.h; sourceTree = "<group>"; };
		F147141B18F52E0100064956 /* CJImageDataModel.m */ = {isa = PBXFileReference; fileEncoding = 4; lastKnownFileType = sourcecode.c.objc; path = CJImageDataModel.m; sourceTree = "<group>"; };
		F1B8CD8D1904C7A500802B45 /* LXReorderableCollectionViewFlowLayout.h */ = {isa = PBXFileReference; fileEncoding = 4; lastKnownFileType = sourcecode.c.h; path = LXReorderableCollectionViewFlowLayout.h; sourceTree = "<group>"; };
		F1B8CD8E1904C7A500802B45 /* LXReorderableCollectionViewFlowLayout.m */ = {isa = PBXFileReference; fileEncoding = 4; lastKnownFileType = sourcecode.c.objc; path = LXReorderableCollectionViewFlowLayout.m; sourceTree = "<group>"; };
		F1B8CD901904CD0D00802B45 /* blackDeleteButton.png */ = {isa = PBXFileReference; lastKnownFileType = image.png; path = blackDeleteButton.png; sourceTree = "<group>"; };
		F1FEE10718FBA73500A93F38 /* CJPhotoViewCell.h */ = {isa = PBXFileReference; fileEncoding = 4; lastKnownFileType = sourcecode.c.h; path = CJPhotoViewCell.h; sourceTree = "<group>"; };
		F1FEE10818FBA73500A93F38 /* CJPhotoViewCell.m */ = {isa = PBXFileReference; fileEncoding = 4; lastKnownFileType = sourcecode.c.objc; path = CJPhotoViewCell.m; sourceTree = "<group>"; };
/* End PBXFileReference section */

/* Begin PBXFrameworksBuildPhase section */
		F1381A6818F2977300D8D4D4 /* Frameworks */ = {
			isa = PBXFrameworksBuildPhase;
			buildActionMask = 2147483647;
			files = (
				F1381A7118F2977300D8D4D4 /* CoreGraphics.framework in Frameworks */,
				F1381A7318F2977300D8D4D4 /* UIKit.framework in Frameworks */,
				F1381A6F18F2977300D8D4D4 /* Foundation.framework in Frameworks */,
			);
			runOnlyForDeploymentPostprocessing = 0;
		};
		F1381A8318F2977300D8D4D4 /* Frameworks */ = {
			isa = PBXFrameworksBuildPhase;
			buildActionMask = 2147483647;
			files = (
				F1381A8818F2977300D8D4D4 /* XCTest.framework in Frameworks */,
				F1381A8A18F2977300D8D4D4 /* UIKit.framework in Frameworks */,
				F1381A8918F2977300D8D4D4 /* Foundation.framework in Frameworks */,
			);
			runOnlyForDeploymentPostprocessing = 0;
		};
/* End PBXFrameworksBuildPhase section */

/* Begin PBXGroup section */
		AC3C42B618F29A8300573604 /* Controller */ = {
			isa = PBXGroup;
			children = (
				AC3C42B718F29AA500573604 /* CJMainViewController.h */,
				AC3C42B818F29AA500573604 /* CJMainViewController.m */,
				F147140F18F4F60C00064956 /* CJManagingPhotoViewController.h */,
				F147141018F4F60C00064956 /* CJManagingPhotoViewController.m */,
			);
			name = Controller;
			sourceTree = "<group>";
		};
		F1381A6218F2977300D8D4D4 = {
			isa = PBXGroup;
			children = (
				F14713E718F4E7E500064956 /* External Libraries */,
				F1381A7418F2977300D8D4D4 /* collageJam */,
				F1381A8D18F2977300D8D4D4 /* collageJamTests */,
				F1381A6D18F2977300D8D4D4 /* Frameworks */,
				F1381A6C18F2977300D8D4D4 /* Products */,
				F14713E518F4E49400064956 /* Resources */,
			);
			sourceTree = "<group>";
		};
		F1381A6C18F2977300D8D4D4 /* Products */ = {
			isa = PBXGroup;
			children = (
				F1381A6B18F2977300D8D4D4 /* collageJam.app */,
				F1381A8618F2977300D8D4D4 /* collageJamTests.xctest */,
			);
			name = Products;
			sourceTree = "<group>";
		};
		F1381A6D18F2977300D8D4D4 /* Frameworks */ = {
			isa = PBXGroup;
			children = (
				F1381A6E18F2977300D8D4D4 /* Foundation.framework */,
				F1381A7018F2977300D8D4D4 /* CoreGraphics.framework */,
				F1381A7218F2977300D8D4D4 /* UIKit.framework */,
				F1381A8718F2977300D8D4D4 /* XCTest.framework */,
			);
			name = Frameworks;
			sourceTree = "<group>";
		};
		F1381A7418F2977300D8D4D4 /* collageJam */ = {
			isa = PBXGroup;
			children = (
				F1FEE10618FBA72000A93F38 /* View */,
				F147141218F4F69900064956 /* Utility */,
				AC3C42B618F29A8300573604 /* Controller */,
				F1381A7D18F2977300D8D4D4 /* CJAppDelegate.h */,
				F1381A7E18F2977300D8D4D4 /* CJAppDelegate.m */,
				F147141618F52D4E00064956 /* Model */,
				F1381A8018F2977300D8D4D4 /* Images.xcassets */,
				F1381A7518F2977300D8D4D4 /* Supporting Files */,
			);
			path = collageJam;
			sourceTree = "<group>";
		};
		F1381A7518F2977300D8D4D4 /* Supporting Files */ = {
			isa = PBXGroup;
			children = (
				F1381A7618F2977300D8D4D4 /* collageJam-Info.plist */,
				F1381A7718F2977300D8D4D4 /* InfoPlist.strings */,
				F1381A7A18F2977300D8D4D4 /* main.m */,
				F1381A7C18F2977300D8D4D4 /* collageJam-Prefix.pch */,
			);
			name = "Supporting Files";
			sourceTree = "<group>";
		};
		F1381A8D18F2977300D8D4D4 /* collageJamTests */ = {
			isa = PBXGroup;
			children = (
				F1381A9318F2977300D8D4D4 /* collageJamTests.m */,
				F1381A8E18F2977300D8D4D4 /* Supporting Files */,
			);
			path = collageJamTests;
			sourceTree = "<group>";
		};
		F1381A8E18F2977300D8D4D4 /* Supporting Files */ = {
			isa = PBXGroup;
			children = (
				F1381A8F18F2977300D8D4D4 /* collageJamTests-Info.plist */,
				F1381A9018F2977300D8D4D4 /* InfoPlist.strings */,
			);
			name = "Supporting Files";
			sourceTree = "<group>";
		};
		F14713E518F4E49400064956 /* Resources */ = {
			isa = PBXGroup;
			children = (
				F14713E318F4E48A00064956 /* helloLeonard.png */,
				F1B8CD901904CD0D00802B45 /* blackDeleteButton.png */,
			);
			name = Resources;
			sourceTree = "<group>";
		};
		F14713E718F4E7E500064956 /* External Libraries */ = {
			isa = PBXGroup;
			children = (
				F14713E818F4E7F800064956 /* QBImagePickerController */,
			);
			name = "External Libraries";
			sourceTree = "<group>";
		};
		F14713E818F4E7F800064956 /* QBImagePickerController */ = {
			isa = PBXGroup;
			children = (
				F14713E918F4E7F800064956 /* QBAssetsCollectionCheckmarkView.h */,
				F14713EA18F4E7F800064956 /* QBAssetsCollectionCheckmarkView.m */,
				F14713EB18F4E7F800064956 /* QBAssetsCollectionFooterView.h */,
				F14713EC18F4E7F800064956 /* QBAssetsCollectionFooterView.m */,
				F14713ED18F4E7F800064956 /* QBAssetsCollectionOverlayView.h */,
				F14713EE18F4E7F800064956 /* QBAssetsCollectionOverlayView.m */,
				F14713EF18F4E7F800064956 /* QBAssetsCollectionViewCell.h */,
				F14713F018F4E7F800064956 /* QBAssetsCollectionViewCell.m */,
				F14713F118F4E7F800064956 /* QBAssetsCollectionViewController.h */,
				F14713F218F4E7F800064956 /* QBAssetsCollectionViewController.m */,
				F14713F318F4E7F800064956 /* QBAssetsCollectionViewLayout.h */,
				F14713F418F4E7F800064956 /* QBAssetsCollectionViewLayout.m */,
				F14713F518F4E7F800064956 /* QBImagePickerController.h */,
				F14713F618F4E7F800064956 /* QBImagePickerController.m */,
				F14713F718F4E7F800064956 /* QBImagePickerGroupCell.h */,
				F14713F818F4E7F800064956 /* QBImagePickerGroupCell.m */,
				F14713F918F4E7F800064956 /* QBImagePickerThumbnailView.h */,
				F14713FA18F4E7F800064956 /* QBImagePickerThumbnailView.m */,
				F14713FB18F4E7F800064956 /* Resources */,
			);
			path = QBImagePickerController;
			sourceTree = "<group>";
		};
		F14713FB18F4E7F800064956 /* Resources */ = {
			isa = PBXGroup;
			children = (
				F14713FC18F4E7F800064956 /* QBImagePickerController.strings */,
			);
			path = Resources;
			sourceTree = "<group>";
		};
		F147141218F4F69900064956 /* Utility */ = {
			isa = PBXGroup;
			children = (
				F147141318F4F6AF00064956 /* LSConstantVariable.h */,
				F147141418F4F6AF00064956 /* LSConstantVariable.m */,
			);
			name = Utility;
			sourceTree = "<group>";
		};
		F147141618F52D4E00064956 /* Model */ = {
			isa = PBXGroup;
			children = (
				F147141718F52DA100064956 /* CJUserDataModel.h */,
				F147141818F52DA100064956 /* CJUserDataModel.m */,
				F147141A18F52E0100064956 /* CJImageDataModel.h */,
				F147141B18F52E0100064956 /* CJImageDataModel.m */,
			);
			name = Model;
			sourceTree = "<group>";
		};
		F1FEE10618FBA72000A93F38 /* View */ = {
			isa = PBXGroup;
			children = (
				F1FEE10718FBA73500A93F38 /* CJPhotoViewCell.h */,
				F1FEE10818FBA73500A93F38 /* CJPhotoViewCell.m */,
				F1B8CD8D1904C7A500802B45 /* LXReorderableCollectionViewFlowLayout.h */,
				F1B8CD8E1904C7A500802B45 /* LXReorderableCollectionViewFlowLayout.m */,
			);
			name = View;
			sourceTree = "<group>";
		};
/* End PBXGroup section */

/* Begin PBXNativeTarget section */
		F1381A6A18F2977300D8D4D4 /* collageJam */ = {
			isa = PBXNativeTarget;
			buildConfigurationList = F1381A9718F2977300D8D4D4 /* Build configuration list for PBXNativeTarget "collageJam" */;
			buildPhases = (
				F1381A6718F2977300D8D4D4 /* Sources */,
				F1381A6818F2977300D8D4D4 /* Frameworks */,
				F1381A6918F2977300D8D4D4 /* Resources */,
			);
			buildRules = (
			);
			dependencies = (
			);
			name = collageJam;
			productName = collageJam;
			productReference = F1381A6B18F2977300D8D4D4 /* collageJam.app */;
			productType = "com.apple.product-type.application";
		};
		F1381A8518F2977300D8D4D4 /* collageJamTests */ = {
			isa = PBXNativeTarget;
			buildConfigurationList = F1381A9A18F2977300D8D4D4 /* Build configuration list for PBXNativeTarget "collageJamTests" */;
			buildPhases = (
				F1381A8218F2977300D8D4D4 /* Sources */,
				F1381A8318F2977300D8D4D4 /* Frameworks */,
				F1381A8418F2977300D8D4D4 /* Resources */,
			);
			buildRules = (
			);
			dependencies = (
				F1381A8C18F2977300D8D4D4 /* PBXTargetDependency */,
			);
			name = collageJamTests;
			productName = collageJamTests;
			productReference = F1381A8618F2977300D8D4D4 /* collageJamTests.xctest */;
			productType = "com.apple.product-type.bundle.unit-test";
		};
/* End PBXNativeTarget section */

/* Begin PBXProject section */
		F1381A6318F2977300D8D4D4 /* Project object */ = {
			isa = PBXProject;
			attributes = {
				CLASSPREFIX = CJ;
				LastUpgradeCheck = 0510;
				ORGANIZATIONNAME = LEONARD;
				TargetAttributes = {
					F1381A8518F2977300D8D4D4 = {
						TestTargetID = F1381A6A18F2977300D8D4D4;
					};
				};
			};
			buildConfigurationList = F1381A6618F2977300D8D4D4 /* Build configuration list for PBXProject "collageJam" */;
			compatibilityVersion = "Xcode 3.2";
			developmentRegion = English;
			hasScannedForEncodings = 0;
			knownRegions = (
				en,
				ja,
			);
			mainGroup = F1381A6218F2977300D8D4D4;
			productRefGroup = F1381A6C18F2977300D8D4D4 /* Products */;
			projectDirPath = "";
			projectRoot = "";
			targets = (
				F1381A6A18F2977300D8D4D4 /* collageJam */,
				F1381A8518F2977300D8D4D4 /* collageJamTests */,
			);
		};
/* End PBXProject section */

/* Begin PBXResourcesBuildPhase section */
		F1381A6918F2977300D8D4D4 /* Resources */ = {
			isa = PBXResourcesBuildPhase;
			buildActionMask = 2147483647;
			files = (
				F1B8CD911904CD0D00802B45 /* blackDeleteButton.png in Resources */,
				F1381A7918F2977300D8D4D4 /* InfoPlist.strings in Resources */,
				F1381A8118F2977300D8D4D4 /* Images.xcassets in Resources */,
				F14713E418F4E48A00064956 /* helloLeonard.png in Resources */,
				F147140818F4E7F800064956 /* QBImagePickerController.strings in Resources */,
			);
			runOnlyForDeploymentPostprocessing = 0;
		};
		F1381A8418F2977300D8D4D4 /* Resources */ = {
			isa = PBXResourcesBuildPhase;
			buildActionMask = 2147483647;
			files = (
				F1381A9218F2977300D8D4D4 /* InfoPlist.strings in Resources */,
			);
			runOnlyForDeploymentPostprocessing = 0;
		};
/* End PBXResourcesBuildPhase section */

/* Begin PBXSourcesBuildPhase section */
		F1381A6718F2977300D8D4D4 /* Sources */ = {
			isa = PBXSourcesBuildPhase;
			buildActionMask = 2147483647;
			files = (
				F147140418F4E7F800064956 /* QBAssetsCollectionViewLayout.m in Sources */,
				F1381A7B18F2977300D8D4D4 /* main.m in Sources */,
				F1381A7F18F2977300D8D4D4 /* CJAppDelegate.m in Sources */,
				F147140018F4E7F800064956 /* QBAssetsCollectionFooterView.m in Sources */,
				F147140118F4E7F800064956 /* QBAssetsCollectionOverlayView.m in Sources */,
				F147141918F52DA100064956 /* CJUserDataModel.m in Sources */,
				F147140218F4E7F800064956 /* QBAssetsCollectionViewCell.m in Sources */,
				F1FEE10918FBA73500A93F38 /* CJPhotoViewCell.m in Sources */,
				F147141518F4F6AF00064956 /* LSConstantVariable.m in Sources */,
				F147141C18F52E0100064956 /* CJImageDataModel.m in Sources */,
				F147140718F4E7F800064956 /* QBImagePickerThumbnailView.m in Sources */,
				F147140518F4E7F800064956 /* QBImagePickerController.m in Sources */,
				F1B8CD8F1904C7A500802B45 /* LXReorderableCollectionViewFlowLayout.m in Sources */,
				F147141118F4F60C00064956 /* CJManagingPhotoViewController.m in Sources */,
				F14713FF18F4E7F800064956 /* QBAssetsCollectionCheckmarkView.m in Sources */,
				F147140618F4E7F800064956 /* QBImagePickerGroupCell.m in Sources */,
				F147140318F4E7F800064956 /* QBAssetsCollectionViewController.m in Sources */,
				AC3C42B918F29AA500573604 /* CJMainViewController.m in Sources */,
			);
			runOnlyForDeploymentPostprocessing = 0;
		};
		F1381A8218F2977300D8D4D4 /* Sources */ = {
			isa = PBXSourcesBuildPhase;
			buildActionMask = 2147483647;
			files = (
				F1381A9418F2977300D8D4D4 /* collageJamTests.m in Sources */,
			);
			runOnlyForDeploymentPostprocessing = 0;
		};
/* End PBXSourcesBuildPhase section */

/* Begin PBXTargetDependency section */
		F1381A8C18F2977300D8D4D4 /* PBXTargetDependency */ = {
			isa = PBXTargetDependency;
			target = F1381A6A18F2977300D8D4D4 /* collageJam */;
			targetProxy = F1381A8B18F2977300D8D4D4 /* PBXContainerItemProxy */;
		};
/* End PBXTargetDependency section */

/* Begin PBXVariantGroup section */
		F1381A7718F2977300D8D4D4 /* InfoPlist.strings */ = {
			isa = PBXVariantGroup;
			children = (
				F1381A7818F2977300D8D4D4 /* en */,
			);
			name = InfoPlist.strings;
			sourceTree = "<group>";
		};
		F1381A9018F2977300D8D4D4 /* InfoPlist.strings */ = {
			isa = PBXVariantGroup;
			children = (
				F1381A9118F2977300D8D4D4 /* en */,
			);
			name = InfoPlist.strings;
			sourceTree = "<group>";
		};
		F14713FC18F4E7F800064956 /* QBImagePickerController.strings */ = {
			isa = PBXVariantGroup;
			children = (
				F14713FD18F4E7F800064956 /* en */,
				F14713FE18F4E7F800064956 /* ja */,
			);
			name = QBImagePickerController.strings;
			sourceTree = "<group>";
		};
/* End PBXVariantGroup section */

/* Begin XCBuildConfiguration section */
		F1381A9518F2977300D8D4D4 /* Debug */ = {
			isa = XCBuildConfiguration;
			buildSettings = {
				ALWAYS_SEARCH_USER_PATHS = NO;
				CLANG_CXX_LANGUAGE_STANDARD = "gnu++0x";
				CLANG_CXX_LIBRARY = "libc++";
				CLANG_ENABLE_MODULES = YES;
				CLANG_ENABLE_OBJC_ARC = YES;
				CLANG_WARN_BOOL_CONVERSION = YES;
				CLANG_WARN_CONSTANT_CONVERSION = YES;
				CLANG_WARN_DIRECT_OBJC_ISA_USAGE = YES_ERROR;
				CLANG_WARN_EMPTY_BODY = YES;
				CLANG_WARN_ENUM_CONVERSION = YES;
				CLANG_WARN_INT_CONVERSION = YES;
				CLANG_WARN_OBJC_ROOT_CLASS = YES_ERROR;
				CLANG_WARN__DUPLICATE_METHOD_MATCH = YES;
				"CODE_SIGN_IDENTITY[sdk=iphoneos*]" = "iPhone Developer";
				COPY_PHASE_STRIP = NO;
				GCC_C_LANGUAGE_STANDARD = gnu99;
				GCC_DYNAMIC_NO_PIC = NO;
				GCC_OPTIMIZATION_LEVEL = 0;
				GCC_PREPROCESSOR_DEFINITIONS = (
					"DEBUG=1",
					"$(inherited)",
				);
				GCC_SYMBOLS_PRIVATE_EXTERN = NO;
				GCC_WARN_64_TO_32_BIT_CONVERSION = YES;
				GCC_WARN_ABOUT_RETURN_TYPE = YES_ERROR;
				GCC_WARN_UNDECLARED_SELECTOR = YES;
				GCC_WARN_UNINITIALIZED_AUTOS = YES_AGGRESSIVE;
				GCC_WARN_UNUSED_FUNCTION = YES;
				GCC_WARN_UNUSED_VARIABLE = YES;
				IPHONEOS_DEPLOYMENT_TARGET = 7.1;
				ONLY_ACTIVE_ARCH = YES;
				SDKROOT = iphoneos;
			};
			name = Debug;
		};
		F1381A9618F2977300D8D4D4 /* Release */ = {
			isa = XCBuildConfiguration;
			buildSettings = {
				ALWAYS_SEARCH_USER_PATHS = NO;
				CLANG_CXX_LANGUAGE_STANDARD = "gnu++0x";
				CLANG_CXX_LIBRARY = "libc++";
				CLANG_ENABLE_MODULES = YES;
				CLANG_ENABLE_OBJC_ARC = YES;
				CLANG_WARN_BOOL_CONVERSION = YES;
				CLANG_WARN_CONSTANT_CONVERSION = YES;
				CLANG_WARN_DIRECT_OBJC_ISA_USAGE = YES_ERROR;
				CLANG_WARN_EMPTY_BODY = YES;
				CLANG_WARN_ENUM_CONVERSION = YES;
				CLANG_WARN_INT_CONVERSION = YES;
				CLANG_WARN_OBJC_ROOT_CLASS = YES_ERROR;
				CLANG_WARN__DUPLICATE_METHOD_MATCH = YES;
				"CODE_SIGN_IDENTITY[sdk=iphoneos*]" = "iPhone Developer";
				COPY_PHASE_STRIP = YES;
				ENABLE_NS_ASSERTIONS = NO;
				GCC_C_LANGUAGE_STANDARD = gnu99;
				GCC_WARN_64_TO_32_BIT_CONVERSION = YES;
				GCC_WARN_ABOUT_RETURN_TYPE = YES_ERROR;
				GCC_WARN_UNDECLARED_SELECTOR = YES;
				GCC_WARN_UNINITIALIZED_AUTOS = YES_AGGRESSIVE;
				GCC_WARN_UNUSED_FUNCTION = YES;
				GCC_WARN_UNUSED_VARIABLE = YES;
				IPHONEOS_DEPLOYMENT_TARGET = 7.1;
				SDKROOT = iphoneos;
				VALIDATE_PRODUCT = YES;
			};
			name = Release;
		};
		F1381A9818F2977300D8D4D4 /* Debug */ = {
			isa = XCBuildConfiguration;
			buildSettings = {
				ASSETCATALOG_COMPILER_APPICON_NAME = AppIcon;
				ASSETCATALOG_COMPILER_LAUNCHIMAGE_NAME = LaunchImage;
				GCC_PRECOMPILE_PREFIX_HEADER = YES;
				GCC_PREFIX_HEADER = "collageJam/collageJam-Prefix.pch";
				INFOPLIST_FILE = "collageJam/collageJam-Info.plist";
				PRODUCT_NAME = "$(TARGET_NAME)";
				WRAPPER_EXTENSION = app;
			};
			name = Debug;
		};
		F1381A9918F2977300D8D4D4 /* Release */ = {
			isa = XCBuildConfiguration;
			buildSettings = {
				ASSETCATALOG_COMPILER_APPICON_NAME = AppIcon;
				ASSETCATALOG_COMPILER_LAUNCHIMAGE_NAME = LaunchImage;
				GCC_PRECOMPILE_PREFIX_HEADER = YES;
				GCC_PREFIX_HEADER = "collageJam/collageJam-Prefix.pch";
				INFOPLIST_FILE = "collageJam/collageJam-Info.plist";
				PRODUCT_NAME = "$(TARGET_NAME)";
				WRAPPER_EXTENSION = app;
			};
			name = Release;
		};
		F1381A9B18F2977300D8D4D4 /* Debug */ = {
			isa = XCBuildConfiguration;
			buildSettings = {
				BUNDLE_LOADER = "$(BUILT_PRODUCTS_DIR)/collageJam.app/collageJam";
				FRAMEWORK_SEARCH_PATHS = (
					"$(SDKROOT)/Developer/Library/Frameworks",
					"$(inherited)",
					"$(DEVELOPER_FRAMEWORKS_DIR)",
				);
				GCC_PRECOMPILE_PREFIX_HEADER = YES;
				GCC_PREFIX_HEADER = "collageJam/collageJam-Prefix.pch";
				GCC_PREPROCESSOR_DEFINITIONS = (
					"DEBUG=1",
					"$(inherited)",
				);
				INFOPLIST_FILE = "collageJamTests/collageJamTests-Info.plist";
				PRODUCT_NAME = "$(TARGET_NAME)";
				TEST_HOST = "$(BUNDLE_LOADER)";
				WRAPPER_EXTENSION = xctest;
			};
			name = Debug;
		};
		F1381A9C18F2977300D8D4D4 /* Release */ = {
			isa = XCBuildConfiguration;
			buildSettings = {
				BUNDLE_LOADER = "$(BUILT_PRODUCTS_DIR)/collageJam.app/collageJam";
				FRAMEWORK_SEARCH_PATHS = (
					"$(SDKROOT)/Developer/Library/Frameworks",
					"$(inherited)",
					"$(DEVELOPER_FRAMEWORKS_DIR)",
				);
				GCC_PRECOMPILE_PREFIX_HEADER = YES;
				GCC_PREFIX_HEADER = "collageJam/collageJam-Prefix.pch";
				INFOPLIST_FILE = "collageJamTests/collageJamTests-Info.plist";
				PRODUCT_NAME = "$(TARGET_NAME)";
				TEST_HOST = "$(BUNDLE_LOADER)";
				WRAPPER_EXTENSION = xctest;
			};
			name = Release;
		};
/* End XCBuildConfiguration section */

/* Begin XCConfigurationList section */
		F1381A6618F2977300D8D4D4 /* Build configuration list for PBXProject "collageJam" */ = {
			isa = XCConfigurationList;
			buildConfigurations = (
				F1381A9518F2977300D8D4D4 /* Debug */,
				F1381A9618F2977300D8D4D4 /* Release */,
			);
			defaultConfigurationIsVisible = 0;
			defaultConfigurationName = Release;
		};
		F1381A9718F2977300D8D4D4 /* Build configuration list for PBXNativeTarget "collageJam" */ = {
			isa = XCConfigurationList;
			buildConfigurations = (
				F1381A9818F2977300D8D4D4 /* Debug */,
				F1381A9918F2977300D8D4D4 /* Release */,
			);
			defaultConfigurationIsVisible = 0;
			defaultConfigurationName = Release;
		};
		F1381A9A18F2977300D8D4D4 /* Build configuration list for PBXNativeTarget "collageJamTests" */ = {
			isa = XCConfigurationList;
			buildConfigurations = (
				F1381A9B18F2977300D8D4D4 /* Debug */,
				F1381A9C18F2977300D8D4D4 /* Release */,
			);
			defaultConfigurationIsVisible = 0;
			defaultConfigurationName = Release;
		};
/* End XCConfigurationList section */
	};
	rootObject = F1381A6318F2977300D8D4D4 /* Project object */;
}
